
Microsoft Visual Studio Solution File, Format Version 12.00
# Visual Studio 2013
VisualStudioVersion = 12.0.30110.0
MinimumVisualStudioVersion = 10.0.40219.1
Project("{FAE04EC0-301F-11D3-BF4B-00C04F79EFBC}") = "HelloWorldSend", "src\HelloWorldSend\HelloWorldSend.csproj", "{C08A6B1C-D122-4134-B18D-8C41E3699887}"
EndProject
Project("{FAE04EC0-301F-11D3-BF4B-00C04F79EFBC}") = "HelloWorldReceive", "src\HelloWorldReceive\HelloWorldReceive.csproj", "{29A4AE48-8917-4C40-A972-CABBB6C9BDC1}"
EndProject
Project("{2150E333-8FDC-42A3-9474-1A3956D46DE8}") = "1.HelloWorldExample", "1.HelloWorldExample", "{CE76A438-F937-4894-9C10-0E567A5C2FF5}"
EndProject
Project("{2150E333-8FDC-42A3-9474-1A3956D46DE8}") = "2.WorkQueuesExample", "2.WorkQueuesExample", "{915F8B9E-A5E7-4D61-A35C-42DE8D29F727}"
EndProject
Project("{FAE04EC0-301F-11D3-BF4B-00C04F79EFBC}") = "NewTask", "src\NewTask\NewTask.csproj", "{1ACF58E0-9819-420E-A5C1-4182D5196574}"
EndProject
Project("{FAE04EC0-301F-11D3-BF4B-00C04F79EFBC}") = "Worker", "src\Worker\Worker.csproj", "{14D8B23A-D78F-4066-AF95-700E50C31DC4}"
EndProject
Project("{2150E333-8FDC-42A3-9474-1A3956D46DE8}") = "3.PublishSubscribe", "3.PublishSubscribe", "{B51FAB90-6A79-4AA2-BA10-45FFBDF144E9}"
EndProject
Project("{FAE04EC0-301F-11D3-BF4B-00C04F79EFBC}") = "EmitLog", "src\EmitLog\EmitLog.csproj", "{24F14F55-C799-4D46-A47E-82920057AFD8}"
EndProject
Project("{FAE04EC0-301F-11D3-BF4B-00C04F79EFBC}") = "ReceiveLog", "src\ReceiveLog\ReceiveLog.csproj", "{BBF19B08-1A73-4299-A39E-9CD970769D17}"
EndProject
Project("{2150E333-8FDC-42A3-9474-1A3956D46DE8}") = "4.Routing", "4.Routing", "{EF94030D-0956-48E3-BD88-0C73143F5B64}"
EndProject
Project("{FAE04EC0-301F-11D3-BF4B-00C04F79EFBC}") = "EmitLogDirect", "src\EmitLogDirect\EmitLogDirect.csproj", "{02F75B52-44AF-454E-A573-75940033225B}"
EndProject
Project("{FAE04EC0-301F-11D3-BF4B-00C04F79EFBC}") = "ReceiveLogsDirect", "src\ReceiveLogsDirect\ReceiveLogsDirect.csproj", "{68422DC5-55C8-4FBE-AFA8-75F451364733}"
EndProject
Project("{2150E333-8FDC-42A3-9474-1A3956D46DE8}") = "5.Topics", "5.Topics", "{9CE7DBD4-1BC4-46C5-B864-DCFA0026F293}"
EndProject
Project("{FAE04EC0-301F-11D3-BF4B-00C04F79EFBC}") = "EmitLogTopic", "src\EmitLogTopic\EmitLogTopic.csproj", "{0D372754-101D-4F22-AE58-996B492BEB8F}"
EndProject
Project("{FAE04EC0-301F-11D3-BF4B-00C04F79EFBC}") = "ReceiveLogTopic", "src\ReceiveLogTopic\ReceiveLogTopic.csproj", "{66B5E80A-DD16-41F6-93C6-10B6500C5F22}"
EndProject
Project("{2150E333-8FDC-42A3-9474-1A3956D46DE8}") = "6.RemoteProcedureCall", "6.RemoteProcedureCall", "{73DBA526-F783-4EEE-AD4D-4809E05A4EBB}"
EndProject
Project("{FAE04EC0-301F-11D3-BF4B-00C04F79EFBC}") = "RPCServer", "src\RPCServer\RPCServer.csproj", "{15956D5B-006C-439A-8D2E-48991200E5FB}"
EndProject
Project("{FAE04EC0-301F-11D3-BF4B-00C04F79EFBC}") = "RPCClient", "src\RPCClient\RPCClient.csproj", "{5C858351-FBC8-488B-8B4E-34337A6FC642}"
EndProject
Global
	GlobalSection(SolutionConfigurationPlatforms) = preSolution
		Debug|Any CPU = Debug|Any CPU
		Release|Any CPU = Release|Any CPU
	EndGlobalSection
	GlobalSection(ProjectConfigurationPlatforms) = postSolution
		{C08A6B1C-D122-4134-B18D-8C41E3699887}.Debug|Any CPU.ActiveCfg = Debug|Any CPU
		{C08A6B1C-D122-4134-B18D-8C41E3699887}.Debug|Any CPU.Build.0 = Debug|Any CPU
		{C08A6B1C-D122-4134-B18D-8C41E3699887}.Release|Any CPU.ActiveCfg = Release|Any CPU
		{C08A6B1C-D122-4134-B18D-8C41E3699887}.Release|Any CPU.Build.0 = Release|Any CPU
		{29A4AE48-8917-4C40-A972-CABBB6C9BDC1}.Debug|Any CPU.ActiveCfg = Debug|Any CPU
		{29A4AE48-8917-4C40-A972-CABBB6C9BDC1}.Debug|Any CPU.Build.0 = Debug|Any CPU
		{29A4AE48-8917-4C40-A972-CABBB6C9BDC1}.Release|Any CPU.ActiveCfg = Release|Any CPU
		{29A4AE48-8917-4C40-A972-CABBB6C9BDC1}.Release|Any CPU.Build.0 = Release|Any CPU
		{1ACF58E0-9819-420E-A5C1-4182D5196574}.Debug|Any CPU.ActiveCfg = Debug|Any CPU
		{1ACF58E0-9819-420E-A5C1-4182D5196574}.Debug|Any CPU.Build.0 = Debug|Any CPU
		{1ACF58E0-9819-420E-A5C1-4182D5196574}.Release|Any CPU.ActiveCfg = Release|Any CPU
		{1ACF58E0-9819-420E-A5C1-4182D5196574}.Release|Any CPU.Build.0 = Release|Any CPU
		{14D8B23A-D78F-4066-AF95-700E50C31DC4}.Debug|Any CPU.ActiveCfg = Debug|Any CPU
		{14D8B23A-D78F-4066-AF95-700E50C31DC4}.Debug|Any CPU.Build.0 = Debug|Any CPU
		{14D8B23A-D78F-4066-AF95-700E50C31DC4}.Release|Any CPU.ActiveCfg = Release|Any CPU
		{14D8B23A-D78F-4066-AF95-700E50C31DC4}.Release|Any CPU.Build.0 = Release|Any CPU
		{24F14F55-C799-4D46-A47E-82920057AFD8}.Debug|Any CPU.ActiveCfg = Debug|Any CPU
		{24F14F55-C799-4D46-A47E-82920057AFD8}.Debug|Any CPU.Build.0 = Debug|Any CPU
		{24F14F55-C799-4D46-A47E-82920057AFD8}.Release|Any CPU.ActiveCfg = Release|Any CPU
		{24F14F55-C799-4D46-A47E-82920057AFD8}.Release|Any CPU.Build.0 = Release|Any CPU
		{BBF19B08-1A73-4299-A39E-9CD970769D17}.Debug|Any CPU.ActiveCfg = Debug|Any CPU
		{BBF19B08-1A73-4299-A39E-9CD970769D17}.Debug|Any CPU.Build.0 = Debug|Any CPU
		{BBF19B08-1A73-4299-A39E-9CD970769D17}.Release|Any CPU.ActiveCfg = Release|Any CPU
		{BBF19B08-1A73-4299-A39E-9CD970769D17}.Release|Any CPU.Build.0 = Release|Any CPU
		{02F75B52-44AF-454E-A573-75940033225B}.Debug|Any CPU.ActiveCfg = Debug|Any CPU
		{02F75B52-44AF-454E-A573-75940033225B}.Debug|Any CPU.Build.0 = Debug|Any CPU
		{02F75B52-44AF-454E-A573-75940033225B}.Release|Any CPU.ActiveCfg = Release|Any CPU
		{02F75B52-44AF-454E-A573-75940033225B}.Release|Any CPU.Build.0 = Release|Any CPU
		{68422DC5-55C8-4FBE-AFA8-75F451364733}.Debug|Any CPU.ActiveCfg = Debug|Any CPU
		{68422DC5-55C8-4FBE-AFA8-75F451364733}.Debug|Any CPU.Build.0 = Debug|Any CPU
		{68422DC5-55C8-4FBE-AFA8-75F451364733}.Release|Any CPU.ActiveCfg = Release|Any CPU
		{68422DC5-55C8-4FBE-AFA8-75F451364733}.Release|Any CPU.Build.0 = Release|Any CPU
		{0D372754-101D-4F22-AE58-996B492BEB8F}.Debug|Any CPU.ActiveCfg = Debug|Any CPU
		{0D372754-101D-4F22-AE58-996B492BEB8F}.Debug|Any CPU.Build.0 = Debug|Any CPU
		{0D372754-101D-4F22-AE58-996B492BEB8F}.Release|Any CPU.ActiveCfg = Release|Any CPU
		{0D372754-101D-4F22-AE58-996B492BEB8F}.Release|Any CPU.Build.0 = Release|Any CPU
		{66B5E80A-DD16-41F6-93C6-10B6500C5F22}.Debug|Any CPU.ActiveCfg = Debug|Any CPU
		{66B5E80A-DD16-41F6-93C6-10B6500C5F22}.Debug|Any CPU.Build.0 = Debug|Any CPU
		{66B5E80A-DD16-41F6-93C6-10B6500C5F22}.Release|Any CPU.ActiveCfg = Release|Any CPU
		{66B5E80A-DD16-41F6-93C6-10B6500C5F22}.Release|Any CPU.Build.0 = Release|Any CPU
		{15956D5B-006C-439A-8D2E-48991200E5FB}.Debug|Any CPU.ActiveCfg = Debug|Any CPU
		{15956D5B-006C-439A-8D2E-48991200E5FB}.Debug|Any CPU.Build.0 = Debug|Any CPU
		{15956D5B-006C-439A-8D2E-48991200E5FB}.Release|Any CPU.ActiveCfg = Release|Any CPU
		{15956D5B-006C-439A-8D2E-48991200E5FB}.Release|Any CPU.Build.0 = Release|Any CPU
		{5C858351-FBC8-488B-8B4E-34337A6FC642}.Debug|Any CPU.ActiveCfg = Debug|Any CPU
		{5C858351-FBC8-488B-8B4E-34337A6FC642}.Debug|Any CPU.Build.0 = Debug|Any CPU
		{5C858351-FBC8-488B-8B4E-34337A6FC642}.Release|Any CPU.ActiveCfg = Release|Any CPU
		{5C858351-FBC8-488B-8B4E-34337A6FC642}.Release|Any CPU.Build.0 = Release|Any CPU
	EndGlobalSection
	GlobalSection(SolutionProperties) = preSolution
		HideSolutionNode = FALSE
	EndGlobalSection
	GlobalSection(NestedProjects) = preSolution
		{29A4AE48-8917-4C40-A972-CABBB6C9BDC1} = {CE76A438-F937-4894-9C10-0E567A5C2FF5}
		{C08A6B1C-D122-4134-B18D-8C41E3699887} = {CE76A438-F937-4894-9C10-0E567A5C2FF5}
		{1ACF58E0-9819-420E-A5C1-4182D5196574} = {915F8B9E-A5E7-4D61-A35C-42DE8D29F727}
		{14D8B23A-D78F-4066-AF95-700E50C31DC4} = {915F8B9E-A5E7-4D61-A35C-42DE8D29F727}
		{24F14F55-C799-4D46-A47E-82920057AFD8} = {B51FAB90-6A79-4AA2-BA10-45FFBDF144E9}
		{BBF19B08-1A73-4299-A39E-9CD970769D17} = {B51FAB90-6A79-4AA2-BA10-45FFBDF144E9}
		{02F75B52-44AF-454E-A573-75940033225B} = {EF94030D-0956-48E3-BD88-0C73143F5B64}
		{68422DC5-55C8-4FBE-AFA8-75F451364733} = {EF94030D-0956-48E3-BD88-0C73143F5B64}
		{0D372754-101D-4F22-AE58-996B492BEB8F} = {9CE7DBD4-1BC4-46C5-B864-DCFA0026F293}
		{66B5E80A-DD16-41F6-93C6-10B6500C5F22} = {9CE7DBD4-1BC4-46C5-B864-DCFA0026F293}
		{15956D5B-006C-439A-8D2E-48991200E5FB} = {73DBA526-F783-4EEE-AD4D-4809E05A4EBB}
		{5C858351-FBC8-488B-8B4E-34337A6FC642} = {73DBA526-F783-4EEE-AD4D-4809E05A4EBB}
	EndGlobalSection
EndGlobal
